// !$*UTF8*$!
{
	archiveVersion = 1;
	classes = {
	};
	objectVersion = 46;
	objects = {

/* Begin PBXBuildFile section */
		4AF3A8857DC578C27A8A65AC /* libPods-Phone Browser.a in Frameworks */ = {isa = PBXBuildFile; fileRef = 20F73E75685AB0AECDD1B5CF /* libPods-Phone Browser.a */; };
		B01F650719D5B7BC00B2BD3C /* phone-browser-logo.png in Resources */ = {isa = PBXBuildFile; fileRef = B01F650619D5B7BC00B2BD3C /* phone-browser-logo.png */; };
		B031C16F19D769060082BD71 /* SavedWebsite.swift in Sources */ = {isa = PBXBuildFile; fileRef = B031C16E19D769060082BD71 /* SavedWebsite.swift */; };
		B031C17619D7730E0082BD71 /* Phone-Browser.xcdatamodeld in Sources */ = {isa = PBXBuildFile; fileRef = B031C17419D7730E0082BD71 /* Phone-Browser.xcdatamodeld */; };
		B04EBE7319D446F100488024 /* iphone-black.png in Resources */ = {isa = PBXBuildFile; fileRef = B04EBE7019D446F100488024 /* iphone-black.png */; };
		B04EBE7419D446F100488024 /* iphone-white.png in Resources */ = {isa = PBXBuildFile; fileRef = B04EBE7119D446F100488024 /* iphone-white.png */; };
		B04EBE7519D446F100488024 /* iphone-wireframe.png in Resources */ = {isa = PBXBuildFile; fileRef = B04EBE7219D446F100488024 /* iphone-wireframe.png */; };
		B0B4DA3219D2F2170057010D /* AppDelegate.swift in Sources */ = {isa = PBXBuildFile; fileRef = B0B4DA3119D2F2170057010D /* AppDelegate.swift */; };
		B0B4DA3419D2F2170057010D /* ViewController.swift in Sources */ = {isa = PBXBuildFile; fileRef = B0B4DA3319D2F2170057010D /* ViewController.swift */; };
		B0B4DA3719D2F2170057010D /* Main.storyboard in Resources */ = {isa = PBXBuildFile; fileRef = B0B4DA3519D2F2170057010D /* Main.storyboard */; };
		B0B4DA3919D2F2170057010D /* Images.xcassets in Resources */ = {isa = PBXBuildFile; fileRef = B0B4DA3819D2F2170057010D /* Images.xcassets */; };
		B0B4DA4519D2F2170057010D /* Iphone5sBrowserTests.swift in Sources */ = {isa = PBXBuildFile; fileRef = B0B4DA4419D2F2170057010D /* Iphone5sBrowserTests.swift */; };
		B0B4DA4F19D30B600057010D /* iphone.png in Resources */ = {isa = PBXBuildFile; fileRef = B0B4DA4E19D30B600057010D /* iphone.png */; };
		B0B4DA5119D30F340057010D /* iphone-nobg.png in Resources */ = {isa = PBXBuildFile; fileRef = B0B4DA5019D30F340057010D /* iphone-nobg.png */; };
		B0B4DA5B19D327940057010D /* LauncherController.swift in Sources */ = {isa = PBXBuildFile; fileRef = B0B4DA5A19D327940057010D /* LauncherController.swift */; };
/* End PBXBuildFile section */

/* Begin PBXContainerItemProxy section */
		B0B4DA3F19D2F2170057010D /* PBXContainerItemProxy */ = {
			isa = PBXContainerItemProxy;
			containerPortal = B0B4DA2419D2F2160057010D /* Project object */;
			proxyType = 1;
			remoteGlobalIDString = B0B4DA2B19D2F2160057010D;
			remoteInfo = Iphone5sBrowser;
		};
/* End PBXContainerItemProxy section */

/* Begin PBXFileReference section */
		20F73E75685AB0AECDD1B5CF /* libPods-Phone Browser.a */ = {isa = PBXFileReference; explicitFileType = archive.ar; includeInIndex = 0; path = "libPods-Phone Browser.a"; sourceTree = BUILT_PRODUCTS_DIR; };
		B01F650619D5B7BC00B2BD3C /* phone-browser-logo.png */ = {isa = PBXFileReference; lastKnownFileType = image.png; path = "phone-browser-logo.png"; sourceTree = "<group>"; };
		B031C16E19D769060082BD71 /* SavedWebsite.swift */ = {isa = PBXFileReference; fileEncoding = 4; lastKnownFileType = sourcecode.swift; path = SavedWebsite.swift; sourceTree = "<group>"; };
		B031C17019D76B340082BD71 /* Phone Browser-Bridging-Header.h */ = {isa = PBXFileReference; lastKnownFileType = sourcecode.c.h; path = "Phone Browser-Bridging-Header.h"; sourceTree = "<group>"; };
		B031C17519D7730E0082BD71 /* Phone-Browser.xcdatamodel */ = {isa = PBXFileReference; lastKnownFileType = wrapper.xcdatamodel; path = "Phone-Browser.xcdatamodel"; sourceTree = "<group>"; };
		B04EBE7019D446F100488024 /* iphone-black.png */ = {isa = PBXFileReference; lastKnownFileType = image.png; path = "iphone-black.png"; sourceTree = "<group>"; };
		B04EBE7119D446F100488024 /* iphone-white.png */ = {isa = PBXFileReference; lastKnownFileType = image.png; path = "iphone-white.png"; sourceTree = "<group>"; };
		B04EBE7219D446F100488024 /* iphone-wireframe.png */ = {isa = PBXFileReference; lastKnownFileType = image.png; path = "iphone-wireframe.png"; sourceTree = "<group>"; };
		B0B4DA2C19D2F2170057010D /* Phone Browser.app */ = {isa = PBXFileReference; explicitFileType = wrapper.application; includeInIndex = 0; path = "Phone Browser.app"; sourceTree = BUILT_PRODUCTS_DIR; };
		B0B4DA3019D2F2170057010D /* Info.plist */ = {isa = PBXFileReference; lastKnownFileType = text.plist.xml; path = Info.plist; sourceTree = "<group>"; };
		B0B4DA3119D2F2170057010D /* AppDelegate.swift */ = {isa = PBXFileReference; lastKnownFileType = sourcecode.swift; path = AppDelegate.swift; sourceTree = "<group>"; };
		B0B4DA3319D2F2170057010D /* ViewController.swift */ = {isa = PBXFileReference; lastKnownFileType = sourcecode.swift; path = ViewController.swift; sourceTree = "<group>"; };
		B0B4DA3619D2F2170057010D /* Base */ = {isa = PBXFileReference; lastKnownFileType = file.storyboard; name = Base; path = Base.lproj/Main.storyboard; sourceTree = "<group>"; };
		B0B4DA3819D2F2170057010D /* Images.xcassets */ = {isa = PBXFileReference; lastKnownFileType = folder.assetcatalog; path = Images.xcassets; sourceTree = "<group>"; };
		B0B4DA3E19D2F2170057010D /* Phone BrowserTests.xctest */ = {isa = PBXFileReference; explicitFileType = wrapper.cfbundle; includeInIndex = 0; path = "Phone BrowserTests.xctest"; sourceTree = BUILT_PRODUCTS_DIR; };
		B0B4DA4319D2F2170057010D /* Info.plist */ = {isa = PBXFileReference; lastKnownFileType = text.plist.xml; path = Info.plist; sourceTree = "<group>"; };
		B0B4DA4419D2F2170057010D /* Iphone5sBrowserTests.swift */ = {isa = PBXFileReference; lastKnownFileType = sourcecode.swift; path = Iphone5sBrowserTests.swift; sourceTree = "<group>"; };
		B0B4DA4E19D30B600057010D /* iphone.png */ = {isa = PBXFileReference; lastKnownFileType = image.png; path = iphone.png; sourceTree = "<group>"; };
		B0B4DA5019D30F340057010D /* iphone-nobg.png */ = {isa = PBXFileReference; lastKnownFileType = image.png; path = "iphone-nobg.png"; sourceTree = "<group>"; };
		B0B4DA5A19D327940057010D /* LauncherController.swift */ = {isa = PBXFileReference; fileEncoding = 4; lastKnownFileType = sourcecode.swift; path = LauncherController.swift; sourceTree = "<group>"; };
		B168C137C85ACFFA3A51C50A /* Pods-Phone Browser.debug.xcconfig */ = {isa = PBXFileReference; includeInIndex = 1; lastKnownFileType = text.xcconfig; name = "Pods-Phone Browser.debug.xcconfig"; path = "Pods/Target Support Files/Pods-Phone Browser/Pods-Phone Browser.debug.xcconfig"; sourceTree = "<group>"; };
		C0D7ECBC626033AD87CEA0F4 /* Pods-Phone Browser.release.xcconfig */ = {isa = PBXFileReference; includeInIndex = 1; lastKnownFileType = text.xcconfig; name = "Pods-Phone Browser.release.xcconfig"; path = "Pods/Target Support Files/Pods-Phone Browser/Pods-Phone Browser.release.xcconfig"; sourceTree = "<group>"; };
/* End PBXFileReference section */

/* Begin PBXFrameworksBuildPhase section */
		B0B4DA2919D2F2160057010D /* Frameworks */ = {
			isa = PBXFrameworksBuildPhase;
			buildActionMask = 2147483647;
			files = (
				4AF3A8857DC578C27A8A65AC /* libPods-Phone Browser.a in Frameworks */,
			);
			runOnlyForDeploymentPostprocessing = 0;
		};
		B0B4DA3B19D2F2170057010D /* Frameworks */ = {
			isa = PBXFrameworksBuildPhase;
			buildActionMask = 2147483647;
			files = (
			);
			runOnlyForDeploymentPostprocessing = 0;
		};
/* End PBXFrameworksBuildPhase section */

/* Begin PBXGroup section */
		4D7D3583E4F60A53A325C51E /* Frameworks */ = {
			isa = PBXGroup;
			children = (
				20F73E75685AB0AECDD1B5CF /* libPods-Phone Browser.a */,
			);
			name = Frameworks;
			sourceTree = "<group>";
		};
		5F1B1BBE93AC96B26EE24B02 /* Pods */ = {
			isa = PBXGroup;
			children = (
				B168C137C85ACFFA3A51C50A /* Pods-Phone Browser.debug.xcconfig */,
				C0D7ECBC626033AD87CEA0F4 /* Pods-Phone Browser.release.xcconfig */,
			);
			name = Pods;
			sourceTree = "<group>";
		};
		B031C17319D76C710082BD71 /* Models */ = {
			isa = PBXGroup;
			children = (
				B031C16E19D769060082BD71 /* SavedWebsite.swift */,
			);
			name = Models;
			sourceTree = "<group>";
		};
		B0B4DA2319D2F2160057010D = {
			isa = PBXGroup;
			children = (
				B0B4DA2E19D2F2170057010D /* Iphone5sBrowser */,
				B0B4DA4119D2F2170057010D /* Iphone5sBrowserTests */,
				B0B4DA2D19D2F2170057010D /* Products */,
				5F1B1BBE93AC96B26EE24B02 /* Pods */,
				4D7D3583E4F60A53A325C51E /* Frameworks */,
			);
			sourceTree = "<group>";
		};
		B0B4DA2D19D2F2170057010D /* Products */ = {
			isa = PBXGroup;
			children = (
				B0B4DA2C19D2F2170057010D /* Phone Browser.app */,
				B0B4DA3E19D2F2170057010D /* Phone BrowserTests.xctest */,
			);
			name = Products;
			sourceTree = "<group>";
		};
		B0B4DA2E19D2F2170057010D /* Iphone5sBrowser */ = {
			isa = PBXGroup;
			children = (
				B031C17419D7730E0082BD71 /* Phone-Browser.xcdatamodeld */,
				B031C17319D76C710082BD71 /* Models */,
				B0B4DA3119D2F2170057010D /* AppDelegate.swift */,
				B0B4DA3319D2F2170057010D /* ViewController.swift */,
				B0B4DA5A19D327940057010D /* LauncherController.swift */,
				B0B4DA3519D2F2170057010D /* Main.storyboard */,
				B0B4DA3819D2F2170057010D /* Images.xcassets */,
				B0B4DA2F19D2F2170057010D /* Supporting Files */,
				B031C17019D76B340082BD71 /* Phone Browser-Bridging-Header.h */,
			);
			path = Iphone5sBrowser;
			sourceTree = "<group>";
		};
		B0B4DA2F19D2F2170057010D /* Supporting Files */ = {
			isa = PBXGroup;
			children = (
				B04EBE7019D446F100488024 /* iphone-black.png */,
				B04EBE7119D446F100488024 /* iphone-white.png */,
				B04EBE7219D446F100488024 /* iphone-wireframe.png */,
				B0B4DA4E19D30B600057010D /* iphone.png */,
				B0B4DA5019D30F340057010D /* iphone-nobg.png */,
				B0B4DA3019D2F2170057010D /* Info.plist */,
				B01F650619D5B7BC00B2BD3C /* phone-browser-logo.png */,
			);
			name = "Supporting Files";
			sourceTree = "<group>";
		};
		B0B4DA4119D2F2170057010D /* Iphone5sBrowserTests */ = {
			isa = PBXGroup;
			children = (
				B0B4DA4419D2F2170057010D /* Iphone5sBrowserTests.swift */,
				B0B4DA4219D2F2170057010D /* Supporting Files */,
			);
			path = Iphone5sBrowserTests;
			sourceTree = "<group>";
		};
		B0B4DA4219D2F2170057010D /* Supporting Files */ = {
			isa = PBXGroup;
			children = (
				B0B4DA4319D2F2170057010D /* Info.plist */,
			);
			name = "Supporting Files";
			sourceTree = "<group>";
		};
/* End PBXGroup section */

/* Begin PBXNativeTarget section */
		B0B4DA2B19D2F2160057010D /* Phone Browser */ = {
			isa = PBXNativeTarget;
			buildConfigurationList = B0B4DA4819D2F2170057010D /* Build configuration list for PBXNativeTarget "Phone Browser" */;
			buildPhases = (
				7A7A9467CDBBCFE8E1858365 /* Check Pods Manifest.lock */,
				B0B4DA2819D2F2160057010D /* Sources */,
				B0B4DA2919D2F2160057010D /* Frameworks */,
				B0B4DA2A19D2F2160057010D /* Resources */,
				09C9D0B2DD07199190D52866 /* Copy Pods Resources */,
			);
			buildRules = (
			);
			dependencies = (
			);
			name = "Phone Browser";
			productName = Iphone5sBrowser;
			productReference = B0B4DA2C19D2F2170057010D /* Phone Browser.app */;
			productType = "com.apple.product-type.application";
		};
		B0B4DA3D19D2F2170057010D /* Phone BrowserTests */ = {
			isa = PBXNativeTarget;
			buildConfigurationList = B0B4DA4B19D2F2170057010D /* Build configuration list for PBXNativeTarget "Phone BrowserTests" */;
			buildPhases = (
				B0B4DA3A19D2F2170057010D /* Sources */,
				B0B4DA3B19D2F2170057010D /* Frameworks */,
				B0B4DA3C19D2F2170057010D /* Resources */,
			);
			buildRules = (
			);
			dependencies = (
				B0B4DA4019D2F2170057010D /* PBXTargetDependency */,
			);
			name = "Phone BrowserTests";
			productName = Iphone5sBrowserTests;
			productReference = B0B4DA3E19D2F2170057010D /* Phone BrowserTests.xctest */;
			productType = "com.apple.product-type.bundle.unit-test";
		};
/* End PBXNativeTarget section */

/* Begin PBXProject section */
		B0B4DA2419D2F2160057010D /* Project object */ = {
			isa = PBXProject;
			attributes = {
				LastUpgradeCheck = 0600;
				ORGANIZATIONNAME = alessiosanto;
				TargetAttributes = {
					B0B4DA2B19D2F2160057010D = {
						CreatedOnToolsVersion = 6.0;
						DevelopmentTeam = USKYH3LF56;
					};
					B0B4DA3D19D2F2170057010D = {
						CreatedOnToolsVersion = 6.0;
						TestTargetID = B0B4DA2B19D2F2160057010D;
					};
				};
			};
			buildConfigurationList = B0B4DA2719D2F2160057010D /* Build configuration list for PBXProject "Phone Browser" */;
			compatibilityVersion = "Xcode 3.2";
			developmentRegion = English;
			hasScannedForEncodings = 0;
			knownRegions = (
				en,
				Base,
			);
			mainGroup = B0B4DA2319D2F2160057010D;
			productRefGroup = B0B4DA2D19D2F2170057010D /* Products */;
			projectDirPath = "";
			projectRoot = "";
			targets = (
				B0B4DA2B19D2F2160057010D /* Phone Browser */,
				B0B4DA3D19D2F2170057010D /* Phone BrowserTests */,
			);
		};
/* End PBXProject section */

/* Begin PBXResourcesBuildPhase section */
		B0B4DA2A19D2F2160057010D /* Resources */ = {
			isa = PBXResourcesBuildPhase;
			buildActionMask = 2147483647;
			files = (
				B0B4DA5119D30F340057010D /* iphone-nobg.png in Resources */,
				B0B4DA3719D2F2170057010D /* Main.storyboard in Resources */,
				B01F650719D5B7BC00B2BD3C /* phone-browser-logo.png in Resources */,
				B04EBE7419D446F100488024 /* iphone-white.png in Resources */,
				B04EBE7319D446F100488024 /* iphone-black.png in Resources */,
				B0B4DA4F19D30B600057010D /* iphone.png in Resources */,
				B04EBE7519D446F100488024 /* iphone-wireframe.png in Resources */,
				B0B4DA3919D2F2170057010D /* Images.xcassets in Resources */,
			);
			runOnlyForDeploymentPostprocessing = 0;
		};
		B0B4DA3C19D2F2170057010D /* Resources */ = {
			isa = PBXResourcesBuildPhase;
			buildActionMask = 2147483647;
			files = (
			);
			runOnlyForDeploymentPostprocessing = 0;
		};
/* End PBXResourcesBuildPhase section */

/* Begin PBXShellScriptBuildPhase section */
		09C9D0B2DD07199190D52866 /* Copy Pods Resources */ = {
			isa = PBXShellScriptBuildPhase;
			buildActionMask = 2147483647;
			files = (
			);
			inputPaths = (
			);
			name = "Copy Pods Resources";
			outputPaths = (
			);
			runOnlyForDeploymentPostprocessing = 0;
			shellPath = /bin/sh;
			shellScript = "\"${SRCROOT}/Pods/Target Support Files/Pods-Phone Browser/Pods-Phone Browser-resources.sh\"\n";
			showEnvVarsInLog = 0;
		};
		7A7A9467CDBBCFE8E1858365 /* Check Pods Manifest.lock */ = {
			isa = PBXShellScriptBuildPhase;
			buildActionMask = 2147483647;
			files = (
			);
			inputPaths = (
			);
			name = "Check Pods Manifest.lock";
			outputPaths = (
			);
			runOnlyForDeploymentPostprocessing = 0;
			shellPath = /bin/sh;
			shellScript = "diff \"${PODS_ROOT}/../Podfile.lock\" \"${PODS_ROOT}/Manifest.lock\" > /dev/null\nif [[ $? != 0 ]] ; then\n    cat << EOM\nerror: The sandbox is not in sync with the Podfile.lock. Run 'pod install' or update your CocoaPods installation.\nEOM\n    exit 1\nfi\n";
			showEnvVarsInLog = 0;
		};
/* End PBXShellScriptBuildPhase section */

/* Begin PBXSourcesBuildPhase section */
		B0B4DA2819D2F2160057010D /* Sources */ = {
			isa = PBXSourcesBuildPhase;
			buildActionMask = 2147483647;
			files = (
				B0B4DA3419D2F2170057010D /* ViewController.swift in Sources */,
				B0B4DA5B19D327940057010D /* LauncherController.swift in Sources */,
				B031C17619D7730E0082BD71 /* Phone-Browser.xcdatamodeld in Sources */,
				B0B4DA3219D2F2170057010D /* AppDelegate.swift in Sources */,
				B031C16F19D769060082BD71 /* SavedWebsite.swift in Sources */,
			);
			runOnlyForDeploymentPostprocessing = 0;
		};
		B0B4DA3A19D2F2170057010D /* Sources */ = {
			isa = PBXSourcesBuildPhase;
			buildActionMask = 2147483647;
			files = (
				B0B4DA4519D2F2170057010D /* Iphone5sBrowserTests.swift in Sources */,
			);
			runOnlyForDeploymentPostprocessing = 0;
		};
/* End PBXSourcesBuildPhase section */

/* Begin PBXTargetDependency section */
		B0B4DA4019D2F2170057010D /* PBXTargetDependency */ = {
			isa = PBXTargetDependency;
			target = B0B4DA2B19D2F2160057010D /* Phone Browser */;
			targetProxy = B0B4DA3F19D2F2170057010D /* PBXContainerItemProxy */;
		};
/* End PBXTargetDependency section */

/* Begin PBXVariantGroup section */
		B0B4DA3519D2F2170057010D /* Main.storyboard */ = {
			isa = PBXVariantGroup;
			children = (
				B0B4DA3619D2F2170057010D /* Base */,
			);
			name = Main.storyboard;
			sourceTree = "<group>";
		};
/* End PBXVariantGroup section */

/* Begin XCBuildConfiguration section */
		B0B4DA4619D2F2170057010D /* Debug */ = {
			isa = XCBuildConfiguration;
			buildSettings = {
				ALWAYS_SEARCH_USER_PATHS = NO;
				CLANG_CXX_LANGUAGE_STANDARD = "gnu++0x";
				CLANG_CXX_LIBRARY = "libc++";
				CLANG_ENABLE_MODULES = YES;
				CLANG_ENABLE_OBJC_ARC = YES;
				CLANG_WARN_BOOL_CONVERSION = YES;
				CLANG_WARN_CONSTANT_CONVERSION = YES;
				CLANG_WARN_DIRECT_OBJC_ISA_USAGE = YES_ERROR;
				CLANG_WARN_EMPTY_BODY = YES;
				CLANG_WARN_ENUM_CONVERSION = YES;
				CLANG_WARN_INT_CONVERSION = YES;
				CLANG_WARN_OBJC_ROOT_CLASS = YES_ERROR;
				CLANG_WARN_UNREACHABLE_CODE = YES;
				CLANG_WARN__DUPLICATE_METHOD_MATCH = YES;
				"CODE_SIGN_IDENTITY[sdk=iphoneos*]" = "iPhone Developer";
				COPY_PHASE_STRIP = NO;
				ENABLE_STRICT_OBJC_MSGSEND = YES;
				GCC_C_LANGUAGE_STANDARD = gnu99;
				GCC_DYNAMIC_NO_PIC = NO;
				GCC_OPTIMIZATION_LEVEL = 0;
				GCC_PREPROCESSOR_DEFINITIONS = (
					"DEBUG=1",
					"$(inherited)",
				);
				GCC_SYMBOLS_PRIVATE_EXTERN = NO;
				GCC_WARN_64_TO_32_BIT_CONVERSION = YES;
				GCC_WARN_ABOUT_RETURN_TYPE = YES_ERROR;
				GCC_WARN_UNDECLARED_SELECTOR = YES;
				GCC_WARN_UNINITIALIZED_AUTOS = YES_AGGRESSIVE;
				GCC_WARN_UNUSED_FUNCTION = YES;
				GCC_WARN_UNUSED_VARIABLE = YES;
				IPHONEOS_DEPLOYMENT_TARGET = 8.0;
				MTL_ENABLE_DEBUG_INFO = YES;
				ONLY_ACTIVE_ARCH = YES;
				SDKROOT = iphoneos;
				SWIFT_OPTIMIZATION_LEVEL = "-Onone";
			};
			name = Debug;
		};
		B0B4DA4719D2F2170057010D /* Release */ = {
			isa = XCBuildConfiguration;
			buildSettings = {
				ALWAYS_SEARCH_USER_PATHS = NO;
				CLANG_CXX_LANGUAGE_STANDARD = "gnu++0x";
				CLANG_CXX_LIBRARY = "libc++";
				CLANG_ENABLE_MODULES = YES;
				CLANG_ENABLE_OBJC_ARC = YES;
				CLANG_WARN_BOOL_CONVERSION = YES;
				CLANG_WARN_CONSTANT_CONVERSION = YES;
				CLANG_WARN_DIRECT_OBJC_ISA_USAGE = YES_ERROR;
				CLANG_WARN_EMPTY_BODY = YES;
				CLANG_WARN_ENUM_CONVERSION = YES;
				CLANG_WARN_INT_CONVERSION = YES;
				CLANG_WARN_OBJC_ROOT_CLASS = YES_ERROR;
				CLANG_WARN_UNREACHABLE_CODE = YES;
				CLANG_WARN__DUPLICATE_METHOD_MATCH = YES;
				"CODE_SIGN_IDENTITY[sdk=iphoneos*]" = "iPhone Developer";
				COPY_PHASE_STRIP = YES;
				ENABLE_NS_ASSERTIONS = NO;
				ENABLE_STRICT_OBJC_MSGSEND = YES;
				GCC_C_LANGUAGE_STANDARD = gnu99;
				GCC_WARN_64_TO_32_BIT_CONVERSION = YES;
				GCC_WARN_ABOUT_RETURN_TYPE = YES_ERROR;
				GCC_WARN_UNDECLARED_SELECTOR = YES;
				GCC_WARN_UNINITIALIZED_AUTOS = YES_AGGRESSIVE;
				GCC_WARN_UNUSED_FUNCTION = YES;
				GCC_WARN_UNUSED_VARIABLE = YES;
				IPHONEOS_DEPLOYMENT_TARGET = 8.0;
				MTL_ENABLE_DEBUG_INFO = NO;
				SDKROOT = iphoneos;
				VALIDATE_PRODUCT = YES;
			};
			name = Release;
		};
		B0B4DA4919D2F2170057010D /* Debug */ = {
			isa = XCBuildConfiguration;
			baseConfigurationReference = B168C137C85ACFFA3A51C50A /* Pods-Phone Browser.debug.xcconfig */;
			buildSettings = {
				ASSETCATALOG_COMPILER_APPICON_NAME = AppIcon;
				ASSETCATALOG_COMPILER_LAUNCHIMAGE_NAME = LaunchImage;
				CLANG_ENABLE_MODULES = YES;
				CODE_SIGN_IDENTITY = "iPhone Developer";
				"CODE_SIGN_IDENTITY[sdk=iphoneos*]" = "iPhone Developer";
				INFOPLIST_FILE = Iphone5sBrowser/Info.plist;
				IPHONEOS_DEPLOYMENT_TARGET = 7.0;
				LD_RUNPATH_SEARCH_PATHS = "$(inherited) @executable_path/Frameworks";
				PRODUCT_NAME = "Phone Browser";
				PROVISIONING_PROFILE = "";
				SWIFT_OBJC_BRIDGING_HEADER = "/Users/alessiosanto/projects/apps/phone-browser/Iphone5sBrowser/Phone Browser-Bridging-Header.h";
				SWIFT_OPTIMIZATION_LEVEL = "-Onone";
				TARGETED_DEVICE_FAMILY = 2;
			};
			name = Debug;
		};
		B0B4DA4A19D2F2170057010D /* Release */ = {
			isa = XCBuildConfiguration;
			baseConfigurationReference = C0D7ECBC626033AD87CEA0F4 /* Pods-Phone Browser.release.xcconfig */;
			buildSettings = {
				ASSETCATALOG_COMPILER_APPICON_NAME = AppIcon;
				ASSETCATALOG_COMPILER_LAUNCHIMAGE_NAME = LaunchImage;
				CLANG_ENABLE_MODULES = YES;
				CODE_SIGN_IDENTITY = "iPhone Developer";
				"CODE_SIGN_IDENTITY[sdk=iphoneos*]" = "iPhone Developer";
				INFOPLIST_FILE = Iphone5sBrowser/Info.plist;
				IPHONEOS_DEPLOYMENT_TARGET = 7.0;
				LD_RUNPATH_SEARCH_PATHS = "$(inherited) @executable_path/Frameworks";
				PRODUCT_NAME = "Phone Browser";
				PROVISIONING_PROFILE = "";
				SWIFT_OBJC_BRIDGING_HEADER = "/Users/alessiosanto/projects/apps/phone-browser/Iphone5sBrowser/Phone Browser-Bridging-Header.h";
				TARGETED_DEVICE_FAMILY = 2;
			};
			name = Release;
		};
		B0B4DA4C19D2F2170057010D /* Debug */ = {
			isa = XCBuildConfiguration;
			buildSettings = {
				BUNDLE_LOADER = "$(BUILT_PRODUCTS_DIR)/Iphone5sBrowser.app/Iphone5sBrowser";
				FRAMEWORK_SEARCH_PATHS = (
					"$(SDKROOT)/Developer/Library/Frameworks",
					"$(inherited)",
				);
				GCC_PREPROCESSOR_DEFINITIONS = (
					"DEBUG=1",
					"$(inherited)",
				);
				INFOPLIST_FILE = Iphone5sBrowserTests/Info.plist;
				LD_RUNPATH_SEARCH_PATHS = "$(inherited) @executable_path/Frameworks @loader_path/Frameworks";
				PRODUCT_NAME = "Phone BrowserTests";
				TEST_HOST = "$(BUNDLE_LOADER)";
			};
			name = Debug;
		};
		B0B4DA4D19D2F2170057010D /* Release */ = {
			isa = XCBuildConfiguration;
			buildSettings = {
				BUNDLE_LOADER = "$(BUILT_PRODUCTS_DIR)/Iphone5sBrowser.app/Iphone5sBrowser";
				FRAMEWORK_SEARCH_PATHS = (
					"$(SDKROOT)/Developer/Library/Frameworks",
					"$(inherited)",
				);
				INFOPLIST_FILE = Iphone5sBrowserTests/Info.plist;
				LD_RUNPATH_SEARCH_PATHS = "$(inherited) @executable_path/Frameworks @loader_path/Frameworks";
				PRODUCT_NAME = "Phone BrowserTests";
				TEST_HOST = "$(BUNDLE_LOADER)";
			};
			name = Release;
		};
/* End XCBuildConfiguration section */

/* Begin XCConfigurationList section */
		B0B4DA2719D2F2160057010D /* Build configuration list for PBXProject "Phone Browser" */ = {
			isa = XCConfigurationList;
			buildConfigurations = (
				B0B4DA4619D2F2170057010D /* Debug */,
				B0B4DA4719D2F2170057010D /* Release */,
			);
			defaultConfigurationIsVisible = 0;
			defaultConfigurationName = Release;
		};
		B0B4DA4819D2F2170057010D /* Build configuration list for PBXNativeTarget "Phone Browser" */ = {
			isa = XCConfigurationList;
			buildConfigurations = (
				B0B4DA4919D2F2170057010D /* Debug */,
				B0B4DA4A19D2F2170057010D /* Release */,
			);
			defaultConfigurationIsVisible = 0;
			defaultConfigurationName = Release;
		};
		B0B4DA4B19D2F2170057010D /* Build configuration list for PBXNativeTarget "Phone BrowserTests" */ = {
			isa = XCConfigurationList;
			buildConfigurations = (
				B0B4DA4C19D2F2170057010D /* Debug */,
				B0B4DA4D19D2F2170057010D /* Release */,
			);
			defaultConfigurationIsVisible = 0;
			defaultConfigurationName = Release;
		};
/* End XCConfigurationList section */

/* Begin XCVersionGroup section */
		B031C17419D7730E0082BD71 /* Phone-Browser.xcdatamodeld */ = {
			isa = XCVersionGroup;
			children = (
				B031C17519D7730E0082BD71 /* Phone-Browser.xcdatamodel */,
			);
			currentVersion = B031C17519D7730E0082BD71 /* Phone-Browser.xcdatamodel */;
			name = "Phone-Browser.xcdatamodeld";
			path = "../Phone-browser.xcdatamodeld";
			sourceTree = "<group>";
			versionGroupType = wrapper.xcdatamodel;
		};
/* End XCVersionGroup section */
	};
	rootObject = B0B4DA2419D2F2160057010D /* Project object */;
}
